
Microsoft Visual Studio Solution File, Format Version 12.00
# Visual Studio 15
VisualStudioVersion = 15.0.27004.2009
MinimumVisualStudioVersion = 10.0.40219.1
Project("{FAE04EC0-301F-11D3-BF4B-00C04F79EFBC}") = "Infusion", "Infusion\Infusion.csproj", "{22E3BD2C-8FFE-4D11-8FD8-7764F40F3324}"
EndProject
Project("{FAE04EC0-301F-11D3-BF4B-00C04F79EFBC}") = "Infusion.Tests", "Infusion.Tests\Infusion.Tests.csproj", "{F6658DAD-8158-4105-A9F4-AEDF23748FAE}"
EndProject
Project("{FAE04EC0-301F-11D3-BF4B-00C04F79EFBC}") = "Infusion.Proxy", "Infusion.Proxy\Infusion.Proxy.csproj", "{5E814151-7F4C-4D71-BCB2-97FD303F04A8}"
EndProject
Project("{FAE04EC0-301F-11D3-BF4B-00C04F79EFBC}") = "Infusion.Proxy.Tests", "Infusion.Proxy.Tests\Infusion.Proxy.Tests.csproj", "{DFCE9C0F-0E66-4637-BAE9-0EE4D652EA19}"
EndProject
Project("{FAE04EC0-301F-11D3-BF4B-00C04F79EFBC}") = "Ultima", "UltimaSdk\Ultima.csproj", "{5D66ACE6-B2A4-400F-B5A5-24525959AC5C}"
EndProject
Project("{2150E333-8FDC-42A3-9474-1A3956D46DE8}") = "RoslynPad", "RoslynPad", "{3778527A-F81C-47A1-AB4E-456616AB2B12}"
EndProject
Project("{FAE04EC0-301F-11D3-BF4B-00C04F79EFBC}") = "RoslynPad", "RoslynPad\src\RoslynPad\RoslynPad.csproj", "{2F7723C1-297B-416F-9A78-153156D319B9}"
EndProject
Project("{FAE04EC0-301F-11D3-BF4B-00C04F79EFBC}") = "Infusion.LegacyApi", "Infusion.LegacyApi\Infusion.LegacyApi.csproj", "{28A5CECE-9E74-4524-9DFD-238ED4DF12BA}"
EndProject
Project("{2150E333-8FDC-42A3-9474-1A3956D46DE8}") = "Solution Items", "Solution Items", "{73CDF88F-5A6A-4920-8E5C-BB636DE364A9}"
	ProjectSection(SolutionItems) = preProject
		SharedAssemblyInfo.cs = SharedAssemblyInfo.cs
	EndProjectSection
EndProject
Project("{2150E333-8FDC-42A3-9474-1A3956D46DE8}") = "InjectionScript", "InjectionScript", "{76681392-9D8A-4D2A-861A-45B9E07A22CE}"
EndProject
Project("{FAE04EC0-301F-11D3-BF4B-00C04F79EFBC}") = "InjectionScript", "InjectionScript\src\InjectionScript\InjectionScript.csproj", "{C076C217-ECB3-4001-A5BA-C0FF2A2B1029}"
EndProject
Project("{FAE04EC0-301F-11D3-BF4B-00C04F79EFBC}") = "Infusion.Launcher.NetCore", "Infusion.Launcher.NetCore\Infusion.Launcher.NetCore.csproj", "{EB3AFC2D-2EEC-4F6B-9F42-D869F855B1BD}"
EndProject
Project("{FAE04EC0-301F-11D3-BF4B-00C04F79EFBC}") = "Infusion.Desktop", "Infusion.Desktop\Infusion.Desktop.csproj", "{CEB9DE65-59E5-4186-A11E-E797F86B97B1}"
EndProject
Project("{9344BDBB-3E7F-41FC-A0DD-8665D75EE146}") = "RoslynPad.Common", "RoslynPad\src\RoslynPad.Common\RoslynPad.Common.csproj", "{4C408C43-C59F-4BA4-B043-01CE099FDDD3}"
EndProject
Project("{9344BDBB-3E7F-41FC-A0DD-8665D75EE146}") = "RoslynPad.Roslyn", "RoslynPad\src\RoslynPad.Roslyn\RoslynPad.Roslyn.csproj", "{B606A233-739B-4807-B832-71D5F6AD1B00}"
EndProject
Project("{9344BDBB-3E7F-41FC-A0DD-8665D75EE146}") = "RoslynPad.Common.UI", "RoslynPad\src\RoslynPad.Common.UI\RoslynPad.Common.UI.csproj", "{B0C4B809-2332-4FCC-AD57-65F188A0E195}"
EndProject
Project("{9344BDBB-3E7F-41FC-A0DD-8665D75EE146}") = "RoslynPad.Editor.Windows", "RoslynPad\src\RoslynPad.Editor.Windows\RoslynPad.Editor.Windows.csproj", "{BC3C0E60-9524-46A3-9588-C4BFF8E03C74}"
EndProject
Project("{9344BDBB-3E7F-41FC-A0DD-8665D75EE146}") = "RoslynPad.Roslyn.Windows", "RoslynPad\src\RoslynPad.Roslyn.Windows\RoslynPad.Roslyn.Windows.csproj", "{9581F6DB-D466-4C07-980E-E3408B6C3D25}"
EndProject
Project("{9344BDBB-3E7F-41FC-A0DD-8665D75EE146}") = "RoslynPad.Editor.Shared", "RoslynPad\src\RoslynPad.Editor.Shared\RoslynPad.Editor.Shared.shproj", "{8404AA39-A1C2-44C4-B2EA-75B3DCC5A1BA}"
EndProject
Project("{9344BDBB-3E7F-41FC-A0DD-8665D75EE146}") = "RoslynPad.Hosting", "RoslynPad\src\RoslynPad.Hosting\RoslynPad.Hosting.csproj", "{C3B9CCDD-01F1-467B-8C98-7A338F9570C5}"
EndProject
Project("{9344BDBB-3E7F-41FC-A0DD-8665D75EE146}") = "InjectionScript.Tests", "InjectionScript\src\InjectionScript.Tests\InjectionScript.Tests.csproj", "{41FD3B66-5E36-43DB-85AA-BD04F41D1097}"
EndProject
Project("{9344BDBB-3E7F-41FC-A0DD-8665D75EE146}") = "InjectionScript.Cli", "InjectionScript\src\InjectionScript.Cli\InjectionScript.Cli.csproj", "{575F4CEC-F722-4D5C-BCB0-A937C9C9A450}"
EndProject
Project("{9344BDBB-3E7F-41FC-A0DD-8665D75EE146}") = "Infusion.Desktop.Tests", "Infusion.Desktop.Tests\Infusion.Desktop.Tests.csproj", "{4D52A362-7629-47F7-93F1-70EBDD27B732}"
EndProject
Project("{9344BDBB-3E7F-41FC-A0DD-8665D75EE146}") = "Infusion.LegacyApi.Tests", "Infusion.LegacyApi.Tests\Infusion.LegacyApi.Tests.csproj", "{024FAFE6-B591-4111-89AF-3E4220CEC51F}"
EndProject
Project("{9344BDBB-3E7F-41FC-A0DD-8665D75EE146}") = "Infusion.LegacyApi.Benchmarks", "Infusion.LegacyApi.Benchmarks\Infusion.LegacyApi.Benchmarks.csproj", "{1092BD15-94A3-4E66-8F76-DBBDD9C68413}"
EndProject
Project("{9344BDBB-3E7F-41FC-A0DD-8665D75EE146}") = "Infusion.Launcher", "Infusion.Launcher\Infusion.Launcher.csproj", "{D64931A4-1EB1-47FF-B8AD-7BE3F4D698EC}"
EndProject
Project("{FAE04EC0-301F-11D3-BF4B-00C04F79EFBC}") = "Infusion.EngineScripts", "Infusion.EngineScripts\Infusion.EngineScripts.csproj", "{B1465226-3882-4D3A-9007-24377FAABAC4}"
EndProject
Global
	GlobalSection(SharedMSBuildProjectFiles) = preSolution
		RoslynPad\src\RoslynPad.Editor.Shared\RoslynPad.Editor.Shared.projitems*{7fb0604b-44cd-4db1-99c5-e89ea6c20aec}*SharedItemsImports = 13
	EndGlobalSection
	GlobalSection(SolutionConfigurationPlatforms) = preSolution
		Debug|Any CPU = Debug|Any CPU
		Debug|x64 = Debug|x64
		Debug|x86 = Debug|x86
		Release|Any CPU = Release|Any CPU
		Release|x64 = Release|x64
		Release|x86 = Release|x86
	EndGlobalSection
	GlobalSection(ProjectConfigurationPlatforms) = postSolution
		{22E3BD2C-8FFE-4D11-8FD8-7764F40F3324}.Debug|Any CPU.ActiveCfg = Debug|Any CPU
		{22E3BD2C-8FFE-4D11-8FD8-7764F40F3324}.Debug|Any CPU.Build.0 = Debug|Any CPU
		{22E3BD2C-8FFE-4D11-8FD8-7764F40F3324}.Debug|x64.ActiveCfg = Debug|Any CPU
		{22E3BD2C-8FFE-4D11-8FD8-7764F40F3324}.Debug|x64.Build.0 = Debug|Any CPU
		{22E3BD2C-8FFE-4D11-8FD8-7764F40F3324}.Debug|x86.ActiveCfg = Debug|Any CPU
		{22E3BD2C-8FFE-4D11-8FD8-7764F40F3324}.Debug|x86.Build.0 = Debug|Any CPU
		{22E3BD2C-8FFE-4D11-8FD8-7764F40F3324}.Release|Any CPU.ActiveCfg = Release|Any CPU
		{22E3BD2C-8FFE-4D11-8FD8-7764F40F3324}.Release|Any CPU.Build.0 = Release|Any CPU
		{22E3BD2C-8FFE-4D11-8FD8-7764F40F3324}.Release|x64.ActiveCfg = Release|Any CPU
		{22E3BD2C-8FFE-4D11-8FD8-7764F40F3324}.Release|x64.Build.0 = Release|Any CPU
		{22E3BD2C-8FFE-4D11-8FD8-7764F40F3324}.Release|x86.ActiveCfg = Release|Any CPU
		{22E3BD2C-8FFE-4D11-8FD8-7764F40F3324}.Release|x86.Build.0 = Release|Any CPU
		{F6658DAD-8158-4105-A9F4-AEDF23748FAE}.Debug|Any CPU.ActiveCfg = Debug|Any CPU
		{F6658DAD-8158-4105-A9F4-AEDF23748FAE}.Debug|Any CPU.Build.0 = Debug|Any CPU
		{F6658DAD-8158-4105-A9F4-AEDF23748FAE}.Debug|x64.ActiveCfg = Debug|Any CPU
		{F6658DAD-8158-4105-A9F4-AEDF23748FAE}.Debug|x64.Build.0 = Debug|Any CPU
		{F6658DAD-8158-4105-A9F4-AEDF23748FAE}.Debug|x86.ActiveCfg = Debug|Any CPU
		{F6658DAD-8158-4105-A9F4-AEDF23748FAE}.Debug|x86.Build.0 = Debug|Any CPU
		{F6658DAD-8158-4105-A9F4-AEDF23748FAE}.Release|Any CPU.ActiveCfg = Release|Any CPU
		{F6658DAD-8158-4105-A9F4-AEDF23748FAE}.Release|Any CPU.Build.0 = Release|Any CPU
		{F6658DAD-8158-4105-A9F4-AEDF23748FAE}.Release|x64.ActiveCfg = Release|Any CPU
		{F6658DAD-8158-4105-A9F4-AEDF23748FAE}.Release|x64.Build.0 = Release|Any CPU
		{F6658DAD-8158-4105-A9F4-AEDF23748FAE}.Release|x86.ActiveCfg = Release|Any CPU
		{F6658DAD-8158-4105-A9F4-AEDF23748FAE}.Release|x86.Build.0 = Release|Any CPU
		{5E814151-7F4C-4D71-BCB2-97FD303F04A8}.Debug|Any CPU.ActiveCfg = Debug|Any CPU
		{5E814151-7F4C-4D71-BCB2-97FD303F04A8}.Debug|Any CPU.Build.0 = Debug|Any CPU
		{5E814151-7F4C-4D71-BCB2-97FD303F04A8}.Debug|x64.ActiveCfg = Debug|Any CPU
		{5E814151-7F4C-4D71-BCB2-97FD303F04A8}.Debug|x64.Build.0 = Debug|Any CPU
		{5E814151-7F4C-4D71-BCB2-97FD303F04A8}.Debug|x86.ActiveCfg = Debug|Any CPU
		{5E814151-7F4C-4D71-BCB2-97FD303F04A8}.Debug|x86.Build.0 = Debug|Any CPU
		{5E814151-7F4C-4D71-BCB2-97FD303F04A8}.Release|Any CPU.ActiveCfg = Release|Any CPU
		{5E814151-7F4C-4D71-BCB2-97FD303F04A8}.Release|Any CPU.Build.0 = Release|Any CPU
		{5E814151-7F4C-4D71-BCB2-97FD303F04A8}.Release|x64.ActiveCfg = Release|Any CPU
		{5E814151-7F4C-4D71-BCB2-97FD303F04A8}.Release|x64.Build.0 = Release|Any CPU
		{5E814151-7F4C-4D71-BCB2-97FD303F04A8}.Release|x86.ActiveCfg = Release|Any CPU
		{5E814151-7F4C-4D71-BCB2-97FD303F04A8}.Release|x86.Build.0 = Release|Any CPU
		{DFCE9C0F-0E66-4637-BAE9-0EE4D652EA19}.Debug|Any CPU.ActiveCfg = Debug|Any CPU
		{DFCE9C0F-0E66-4637-BAE9-0EE4D652EA19}.Debug|Any CPU.Build.0 = Debug|Any CPU
		{DFCE9C0F-0E66-4637-BAE9-0EE4D652EA19}.Debug|x64.ActiveCfg = Debug|Any CPU
		{DFCE9C0F-0E66-4637-BAE9-0EE4D652EA19}.Debug|x64.Build.0 = Debug|Any CPU
		{DFCE9C0F-0E66-4637-BAE9-0EE4D652EA19}.Debug|x86.ActiveCfg = Debug|Any CPU
		{DFCE9C0F-0E66-4637-BAE9-0EE4D652EA19}.Debug|x86.Build.0 = Debug|Any CPU
		{DFCE9C0F-0E66-4637-BAE9-0EE4D652EA19}.Release|Any CPU.ActiveCfg = Release|Any CPU
		{DFCE9C0F-0E66-4637-BAE9-0EE4D652EA19}.Release|Any CPU.Build.0 = Release|Any CPU
		{DFCE9C0F-0E66-4637-BAE9-0EE4D652EA19}.Release|x64.ActiveCfg = Release|Any CPU
		{DFCE9C0F-0E66-4637-BAE9-0EE4D652EA19}.Release|x64.Build.0 = Release|Any CPU
		{DFCE9C0F-0E66-4637-BAE9-0EE4D652EA19}.Release|x86.ActiveCfg = Release|Any CPU
		{DFCE9C0F-0E66-4637-BAE9-0EE4D652EA19}.Release|x86.Build.0 = Release|Any CPU
		{5D66ACE6-B2A4-400F-B5A5-24525959AC5C}.Debug|Any CPU.ActiveCfg = Debug|Any CPU
		{5D66ACE6-B2A4-400F-B5A5-24525959AC5C}.Debug|Any CPU.Build.0 = Debug|Any CPU
		{5D66ACE6-B2A4-400F-B5A5-24525959AC5C}.Debug|x64.ActiveCfg = Debug|Any CPU
		{5D66ACE6-B2A4-400F-B5A5-24525959AC5C}.Debug|x64.Build.0 = Debug|Any CPU
		{5D66ACE6-B2A4-400F-B5A5-24525959AC5C}.Debug|x86.ActiveCfg = Debug|Any CPU
		{5D66ACE6-B2A4-400F-B5A5-24525959AC5C}.Debug|x86.Build.0 = Debug|Any CPU
		{5D66ACE6-B2A4-400F-B5A5-24525959AC5C}.Release|Any CPU.ActiveCfg = Release|Any CPU
		{5D66ACE6-B2A4-400F-B5A5-24525959AC5C}.Release|Any CPU.Build.0 = Release|Any CPU
		{5D66ACE6-B2A4-400F-B5A5-24525959AC5C}.Release|x64.ActiveCfg = Release|Any CPU
		{5D66ACE6-B2A4-400F-B5A5-24525959AC5C}.Release|x64.Build.0 = Release|Any CPU
		{5D66ACE6-B2A4-400F-B5A5-24525959AC5C}.Release|x86.ActiveCfg = Release|Any CPU
		{5D66ACE6-B2A4-400F-B5A5-24525959AC5C}.Release|x86.Build.0 = Release|Any CPU
		{2F7723C1-297B-416F-9A78-153156D319B9}.Debug|Any CPU.ActiveCfg = Debug|Any CPU
		{2F7723C1-297B-416F-9A78-153156D319B9}.Debug|Any CPU.Build.0 = Debug|Any CPU
		{2F7723C1-297B-416F-9A78-153156D319B9}.Debug|x64.ActiveCfg = Debug|Any CPU
		{2F7723C1-297B-416F-9A78-153156D319B9}.Debug|x64.Build.0 = Debug|Any CPU
		{2F7723C1-297B-416F-9A78-153156D319B9}.Debug|x86.ActiveCfg = Debug|Any CPU
		{2F7723C1-297B-416F-9A78-153156D319B9}.Debug|x86.Build.0 = Debug|Any CPU
		{2F7723C1-297B-416F-9A78-153156D319B9}.Release|Any CPU.ActiveCfg = Release|Any CPU
		{2F7723C1-297B-416F-9A78-153156D319B9}.Release|Any CPU.Build.0 = Release|Any CPU
		{2F7723C1-297B-416F-9A78-153156D319B9}.Release|x64.ActiveCfg = Release|Any CPU
		{2F7723C1-297B-416F-9A78-153156D319B9}.Release|x64.Build.0 = Release|Any CPU
		{2F7723C1-297B-416F-9A78-153156D319B9}.Release|x86.ActiveCfg = Release|Any CPU
		{2F7723C1-297B-416F-9A78-153156D319B9}.Release|x86.Build.0 = Release|Any CPU
		{28A5CECE-9E74-4524-9DFD-238ED4DF12BA}.Debug|Any CPU.ActiveCfg = Debug|Any CPU
		{28A5CECE-9E74-4524-9DFD-238ED4DF12BA}.Debug|Any CPU.Build.0 = Debug|Any CPU
		{28A5CECE-9E74-4524-9DFD-238ED4DF12BA}.Debug|x64.ActiveCfg = Debug|Any CPU
		{28A5CECE-9E74-4524-9DFD-238ED4DF12BA}.Debug|x64.Build.0 = Debug|Any CPU
		{28A5CECE-9E74-4524-9DFD-238ED4DF12BA}.Debug|x86.ActiveCfg = Debug|Any CPU
		{28A5CECE-9E74-4524-9DFD-238ED4DF12BA}.Debug|x86.Build.0 = Debug|Any CPU
		{28A5CECE-9E74-4524-9DFD-238ED4DF12BA}.Release|Any CPU.ActiveCfg = Release|Any CPU
		{28A5CECE-9E74-4524-9DFD-238ED4DF12BA}.Release|Any CPU.Build.0 = Release|Any CPU
		{28A5CECE-9E74-4524-9DFD-238ED4DF12BA}.Release|x64.ActiveCfg = Release|Any CPU
		{28A5CECE-9E74-4524-9DFD-238ED4DF12BA}.Release|x64.Build.0 = Release|Any CPU
		{28A5CECE-9E74-4524-9DFD-238ED4DF12BA}.Release|x86.ActiveCfg = Release|Any CPU
		{28A5CECE-9E74-4524-9DFD-238ED4DF12BA}.Release|x86.Build.0 = Release|Any CPU
		{C076C217-ECB3-4001-A5BA-C0FF2A2B1029}.Debug|Any CPU.ActiveCfg = Debug|Any CPU
		{C076C217-ECB3-4001-A5BA-C0FF2A2B1029}.Debug|Any CPU.Build.0 = Debug|Any CPU
		{C076C217-ECB3-4001-A5BA-C0FF2A2B1029}.Debug|x64.ActiveCfg = Debug|Any CPU
		{C076C217-ECB3-4001-A5BA-C0FF2A2B1029}.Debug|x64.Build.0 = Debug|Any CPU
		{C076C217-ECB3-4001-A5BA-C0FF2A2B1029}.Debug|x86.ActiveCfg = Debug|Any CPU
		{C076C217-ECB3-4001-A5BA-C0FF2A2B1029}.Debug|x86.Build.0 = Debug|Any CPU
		{C076C217-ECB3-4001-A5BA-C0FF2A2B1029}.Release|Any CPU.ActiveCfg = Release|Any CPU
		{C076C217-ECB3-4001-A5BA-C0FF2A2B1029}.Release|Any CPU.Build.0 = Release|Any CPU
		{C076C217-ECB3-4001-A5BA-C0FF2A2B1029}.Release|x64.ActiveCfg = Release|Any CPU
		{C076C217-ECB3-4001-A5BA-C0FF2A2B1029}.Release|x64.Build.0 = Release|Any CPU
		{C076C217-ECB3-4001-A5BA-C0FF2A2B1029}.Release|x86.ActiveCfg = Release|Any CPU
		{C076C217-ECB3-4001-A5BA-C0FF2A2B1029}.Release|x86.Build.0 = Release|Any CPU
		{EB3AFC2D-2EEC-4F6B-9F42-D869F855B1BD}.Debug|Any CPU.ActiveCfg = Debug|Any CPU
		{EB3AFC2D-2EEC-4F6B-9F42-D869F855B1BD}.Debug|Any CPU.Build.0 = Debug|Any CPU
		{EB3AFC2D-2EEC-4F6B-9F42-D869F855B1BD}.Debug|x64.ActiveCfg = Debug|Any CPU
		{EB3AFC2D-2EEC-4F6B-9F42-D869F855B1BD}.Debug|x64.Build.0 = Debug|Any CPU
		{EB3AFC2D-2EEC-4F6B-9F42-D869F855B1BD}.Debug|x86.ActiveCfg = Debug|Any CPU
		{EB3AFC2D-2EEC-4F6B-9F42-D869F855B1BD}.Debug|x86.Build.0 = Debug|Any CPU
		{EB3AFC2D-2EEC-4F6B-9F42-D869F855B1BD}.Release|Any CPU.ActiveCfg = Release|Any CPU
		{EB3AFC2D-2EEC-4F6B-9F42-D869F855B1BD}.Release|Any CPU.Build.0 = Release|Any CPU
		{EB3AFC2D-2EEC-4F6B-9F42-D869F855B1BD}.Release|x64.ActiveCfg = Release|Any CPU
		{EB3AFC2D-2EEC-4F6B-9F42-D869F855B1BD}.Release|x64.Build.0 = Release|Any CPU
		{EB3AFC2D-2EEC-4F6B-9F42-D869F855B1BD}.Release|x86.ActiveCfg = Release|Any CPU
		{EB3AFC2D-2EEC-4F6B-9F42-D869F855B1BD}.Release|x86.Build.0 = Release|Any CPU
		{CEB9DE65-59E5-4186-A11E-E797F86B97B1}.Debug|Any CPU.ActiveCfg = Debug|Any CPU
		{CEB9DE65-59E5-4186-A11E-E797F86B97B1}.Debug|Any CPU.Build.0 = Debug|Any CPU
		{CEB9DE65-59E5-4186-A11E-E797F86B97B1}.Debug|x64.ActiveCfg = Debug|Any CPU
		{CEB9DE65-59E5-4186-A11E-E797F86B97B1}.Debug|x64.Build.0 = Debug|Any CPU
		{CEB9DE65-59E5-4186-A11E-E797F86B97B1}.Debug|x86.ActiveCfg = Debug|Any CPU
		{CEB9DE65-59E5-4186-A11E-E797F86B97B1}.Debug|x86.Build.0 = Debug|Any CPU
		{CEB9DE65-59E5-4186-A11E-E797F86B97B1}.Release|Any CPU.ActiveCfg = Release|Any CPU
		{CEB9DE65-59E5-4186-A11E-E797F86B97B1}.Release|Any CPU.Build.0 = Release|Any CPU
		{CEB9DE65-59E5-4186-A11E-E797F86B97B1}.Release|x64.ActiveCfg = Release|Any CPU
		{CEB9DE65-59E5-4186-A11E-E797F86B97B1}.Release|x64.Build.0 = Release|Any CPU
		{CEB9DE65-59E5-4186-A11E-E797F86B97B1}.Release|x86.ActiveCfg = Release|Any CPU
		{CEB9DE65-59E5-4186-A11E-E797F86B97B1}.Release|x86.Build.0 = Release|Any CPU
		{4C408C43-C59F-4BA4-B043-01CE099FDDD3}.Debug|Any CPU.ActiveCfg = Debug|Any CPU
		{4C408C43-C59F-4BA4-B043-01CE099FDDD3}.Debug|Any CPU.Build.0 = Debug|Any CPU
		{4C408C43-C59F-4BA4-B043-01CE099FDDD3}.Debug|x64.ActiveCfg = Debug|Any CPU
		{4C408C43-C59F-4BA4-B043-01CE099FDDD3}.Debug|x64.Build.0 = Debug|Any CPU
		{4C408C43-C59F-4BA4-B043-01CE099FDDD3}.Debug|x86.ActiveCfg = Debug|Any CPU
		{4C408C43-C59F-4BA4-B043-01CE099FDDD3}.Debug|x86.Build.0 = Debug|Any CPU
		{4C408C43-C59F-4BA4-B043-01CE099FDDD3}.Release|Any CPU.ActiveCfg = Release|Any CPU
		{4C408C43-C59F-4BA4-B043-01CE099FDDD3}.Release|Any CPU.Build.0 = Release|Any CPU
		{4C408C43-C59F-4BA4-B043-01CE099FDDD3}.Release|x64.ActiveCfg = Release|Any CPU
		{4C408C43-C59F-4BA4-B043-01CE099FDDD3}.Release|x64.Build.0 = Release|Any CPU
		{4C408C43-C59F-4BA4-B043-01CE099FDDD3}.Release|x86.ActiveCfg = Release|Any CPU
		{4C408C43-C59F-4BA4-B043-01CE099FDDD3}.Release|x86.Build.0 = Release|Any CPU
		{B606A233-739B-4807-B832-71D5F6AD1B00}.Debug|Any CPU.ActiveCfg = Debug|Any CPU
		{B606A233-739B-4807-B832-71D5F6AD1B00}.Debug|Any CPU.Build.0 = Debug|Any CPU
		{B606A233-739B-4807-B832-71D5F6AD1B00}.Debug|x64.ActiveCfg = Debug|Any CPU
		{B606A233-739B-4807-B832-71D5F6AD1B00}.Debug|x64.Build.0 = Debug|Any CPU
		{B606A233-739B-4807-B832-71D5F6AD1B00}.Debug|x86.ActiveCfg = Debug|Any CPU
		{B606A233-739B-4807-B832-71D5F6AD1B00}.Debug|x86.Build.0 = Debug|Any CPU
		{B606A233-739B-4807-B832-71D5F6AD1B00}.Release|Any CPU.ActiveCfg = Release|Any CPU
		{B606A233-739B-4807-B832-71D5F6AD1B00}.Release|Any CPU.Build.0 = Release|Any CPU
		{B606A233-739B-4807-B832-71D5F6AD1B00}.Release|x64.ActiveCfg = Release|Any CPU
		{B606A233-739B-4807-B832-71D5F6AD1B00}.Release|x64.Build.0 = Release|Any CPU
		{B606A233-739B-4807-B832-71D5F6AD1B00}.Release|x86.ActiveCfg = Release|Any CPU
		{B606A233-739B-4807-B832-71D5F6AD1B00}.Release|x86.Build.0 = Release|Any CPU
		{B0C4B809-2332-4FCC-AD57-65F188A0E195}.Debug|Any CPU.ActiveCfg = Debug|Any CPU
		{B0C4B809-2332-4FCC-AD57-65F188A0E195}.Debug|Any CPU.Build.0 = Debug|Any CPU
		{B0C4B809-2332-4FCC-AD57-65F188A0E195}.Debug|x64.ActiveCfg = Debug|Any CPU
		{B0C4B809-2332-4FCC-AD57-65F188A0E195}.Debug|x64.Build.0 = Debug|Any CPU
		{B0C4B809-2332-4FCC-AD57-65F188A0E195}.Debug|x86.ActiveCfg = Debug|Any CPU
		{B0C4B809-2332-4FCC-AD57-65F188A0E195}.Debug|x86.Build.0 = Debug|Any CPU
		{B0C4B809-2332-4FCC-AD57-65F188A0E195}.Release|Any CPU.ActiveCfg = Release|Any CPU
		{B0C4B809-2332-4FCC-AD57-65F188A0E195}.Release|Any CPU.Build.0 = Release|Any CPU
		{B0C4B809-2332-4FCC-AD57-65F188A0E195}.Release|x64.ActiveCfg = Release|Any CPU
		{B0C4B809-2332-4FCC-AD57-65F188A0E195}.Release|x64.Build.0 = Release|Any CPU
		{B0C4B809-2332-4FCC-AD57-65F188A0E195}.Release|x86.ActiveCfg = Release|Any CPU
		{B0C4B809-2332-4FCC-AD57-65F188A0E195}.Release|x86.Build.0 = Release|Any CPU
		{BC3C0E60-9524-46A3-9588-C4BFF8E03C74}.Debug|Any CPU.ActiveCfg = Debug|Any CPU
		{BC3C0E60-9524-46A3-9588-C4BFF8E03C74}.Debug|Any CPU.Build.0 = Debug|Any CPU
		{BC3C0E60-9524-46A3-9588-C4BFF8E03C74}.Debug|x64.ActiveCfg = Debug|Any CPU
		{BC3C0E60-9524-46A3-9588-C4BFF8E03C74}.Debug|x64.Build.0 = Debug|Any CPU
		{BC3C0E60-9524-46A3-9588-C4BFF8E03C74}.Debug|x86.ActiveCfg = Debug|Any CPU
		{BC3C0E60-9524-46A3-9588-C4BFF8E03C74}.Debug|x86.Build.0 = Debug|Any CPU
		{BC3C0E60-9524-46A3-9588-C4BFF8E03C74}.Release|Any CPU.ActiveCfg = Release|Any CPU
		{BC3C0E60-9524-46A3-9588-C4BFF8E03C74}.Release|Any CPU.Build.0 = Release|Any CPU
		{BC3C0E60-9524-46A3-9588-C4BFF8E03C74}.Release|x64.ActiveCfg = Release|Any CPU
		{BC3C0E60-9524-46A3-9588-C4BFF8E03C74}.Release|x64.Build.0 = Release|Any CPU
		{BC3C0E60-9524-46A3-9588-C4BFF8E03C74}.Release|x86.ActiveCfg = Release|Any CPU
		{BC3C0E60-9524-46A3-9588-C4BFF8E03C74}.Release|x86.Build.0 = Release|Any CPU
		{9581F6DB-D466-4C07-980E-E3408B6C3D25}.Debug|Any CPU.ActiveCfg = Debug|Any CPU
		{9581F6DB-D466-4C07-980E-E3408B6C3D25}.Debug|Any CPU.Build.0 = Debug|Any CPU
		{9581F6DB-D466-4C07-980E-E3408B6C3D25}.Debug|x64.ActiveCfg = Debug|Any CPU
		{9581F6DB-D466-4C07-980E-E3408B6C3D25}.Debug|x64.Build.0 = Debug|Any CPU
		{9581F6DB-D466-4C07-980E-E3408B6C3D25}.Debug|x86.ActiveCfg = Debug|Any CPU
		{9581F6DB-D466-4C07-980E-E3408B6C3D25}.Debug|x86.Build.0 = Debug|Any CPU
		{9581F6DB-D466-4C07-980E-E3408B6C3D25}.Release|Any CPU.ActiveCfg = Release|Any CPU
		{9581F6DB-D466-4C07-980E-E3408B6C3D25}.Release|Any CPU.Build.0 = Release|Any CPU
		{9581F6DB-D466-4C07-980E-E3408B6C3D25}.Release|x64.ActiveCfg = Release|Any CPU
		{9581F6DB-D466-4C07-980E-E3408B6C3D25}.Release|x64.Build.0 = Release|Any CPU
		{9581F6DB-D466-4C07-980E-E3408B6C3D25}.Release|x86.ActiveCfg = Release|Any CPU
		{9581F6DB-D466-4C07-980E-E3408B6C3D25}.Release|x86.Build.0 = Release|Any CPU
		{C3B9CCDD-01F1-467B-8C98-7A338F9570C5}.Debug|Any CPU.ActiveCfg = Debug|Any CPU
		{C3B9CCDD-01F1-467B-8C98-7A338F9570C5}.Debug|Any CPU.Build.0 = Debug|Any CPU
		{C3B9CCDD-01F1-467B-8C98-7A338F9570C5}.Debug|x64.ActiveCfg = Debug|Any CPU
		{C3B9CCDD-01F1-467B-8C98-7A338F9570C5}.Debug|x64.Build.0 = Debug|Any CPU
		{C3B9CCDD-01F1-467B-8C98-7A338F9570C5}.Debug|x86.ActiveCfg = Debug|Any CPU
		{C3B9CCDD-01F1-467B-8C98-7A338F9570C5}.Debug|x86.Build.0 = Debug|Any CPU
		{C3B9CCDD-01F1-467B-8C98-7A338F9570C5}.Release|Any CPU.ActiveCfg = Release|Any CPU
		{C3B9CCDD-01F1-467B-8C98-7A338F9570C5}.Release|Any CPU.Build.0 = Release|Any CPU
		{C3B9CCDD-01F1-467B-8C98-7A338F9570C5}.Release|x64.ActiveCfg = Release|Any CPU
		{C3B9CCDD-01F1-467B-8C98-7A338F9570C5}.Release|x64.Build.0 = Release|Any CPU
		{C3B9CCDD-01F1-467B-8C98-7A338F9570C5}.Release|x86.ActiveCfg = Release|Any CPU
		{C3B9CCDD-01F1-467B-8C98-7A338F9570C5}.Release|x86.Build.0 = Release|Any CPU
		{41FD3B66-5E36-43DB-85AA-BD04F41D1097}.Debug|Any CPU.ActiveCfg = Debug|Any CPU
		{41FD3B66-5E36-43DB-85AA-BD04F41D1097}.Debug|Any CPU.Build.0 = Debug|Any CPU
		{41FD3B66-5E36-43DB-85AA-BD04F41D1097}.Debug|x64.ActiveCfg = Debug|Any CPU
		{41FD3B66-5E36-43DB-85AA-BD04F41D1097}.Debug|x64.Build.0 = Debug|Any CPU
		{41FD3B66-5E36-43DB-85AA-BD04F41D1097}.Debug|x86.ActiveCfg = Debug|Any CPU
		{41FD3B66-5E36-43DB-85AA-BD04F41D1097}.Debug|x86.Build.0 = Debug|Any CPU
		{41FD3B66-5E36-43DB-85AA-BD04F41D1097}.Release|Any CPU.ActiveCfg = Release|Any CPU
		{41FD3B66-5E36-43DB-85AA-BD04F41D1097}.Release|Any CPU.Build.0 = Release|Any CPU
		{41FD3B66-5E36-43DB-85AA-BD04F41D1097}.Release|x64.ActiveCfg = Release|Any CPU
		{41FD3B66-5E36-43DB-85AA-BD04F41D1097}.Release|x64.Build.0 = Release|Any CPU
		{41FD3B66-5E36-43DB-85AA-BD04F41D1097}.Release|x86.ActiveCfg = Release|Any CPU
		{41FD3B66-5E36-43DB-85AA-BD04F41D1097}.Release|x86.Build.0 = Release|Any CPU
		{575F4CEC-F722-4D5C-BCB0-A937C9C9A450}.Debug|Any CPU.ActiveCfg = Debug|Any CPU
		{575F4CEC-F722-4D5C-BCB0-A937C9C9A450}.Debug|Any CPU.Build.0 = Debug|Any CPU
		{575F4CEC-F722-4D5C-BCB0-A937C9C9A450}.Debug|x64.ActiveCfg = Debug|Any CPU
		{575F4CEC-F722-4D5C-BCB0-A937C9C9A450}.Debug|x64.Build.0 = Debug|Any CPU
		{575F4CEC-F722-4D5C-BCB0-A937C9C9A450}.Debug|x86.ActiveCfg = Debug|Any CPU
		{575F4CEC-F722-4D5C-BCB0-A937C9C9A450}.Debug|x86.Build.0 = Debug|Any CPU
		{575F4CEC-F722-4D5C-BCB0-A937C9C9A450}.Release|Any CPU.ActiveCfg = Release|Any CPU
		{575F4CEC-F722-4D5C-BCB0-A937C9C9A450}.Release|Any CPU.Build.0 = Release|Any CPU
		{575F4CEC-F722-4D5C-BCB0-A937C9C9A450}.Release|x64.ActiveCfg = Release|Any CPU
		{575F4CEC-F722-4D5C-BCB0-A937C9C9A450}.Release|x64.Build.0 = Release|Any CPU
		{575F4CEC-F722-4D5C-BCB0-A937C9C9A450}.Release|x86.ActiveCfg = Release|Any CPU
		{575F4CEC-F722-4D5C-BCB0-A937C9C9A450}.Release|x86.Build.0 = Release|Any CPU
		{4D52A362-7629-47F7-93F1-70EBDD27B732}.Debug|Any CPU.ActiveCfg = Debug|Any CPU
		{4D52A362-7629-47F7-93F1-70EBDD27B732}.Debug|Any CPU.Build.0 = Debug|Any CPU
		{4D52A362-7629-47F7-93F1-70EBDD27B732}.Debug|x64.ActiveCfg = Debug|Any CPU
		{4D52A362-7629-47F7-93F1-70EBDD27B732}.Debug|x64.Build.0 = Debug|Any CPU
		{4D52A362-7629-47F7-93F1-70EBDD27B732}.Debug|x86.ActiveCfg = Debug|Any CPU
		{4D52A362-7629-47F7-93F1-70EBDD27B732}.Debug|x86.Build.0 = Debug|Any CPU
		{4D52A362-7629-47F7-93F1-70EBDD27B732}.Release|Any CPU.ActiveCfg = Release|Any CPU
		{4D52A362-7629-47F7-93F1-70EBDD27B732}.Release|Any CPU.Build.0 = Release|Any CPU
		{4D52A362-7629-47F7-93F1-70EBDD27B732}.Release|x64.ActiveCfg = Release|Any CPU
		{4D52A362-7629-47F7-93F1-70EBDD27B732}.Release|x64.Build.0 = Release|Any CPU
		{4D52A362-7629-47F7-93F1-70EBDD27B732}.Release|x86.ActiveCfg = Release|Any CPU
		{4D52A362-7629-47F7-93F1-70EBDD27B732}.Release|x86.Build.0 = Release|Any CPU
		{024FAFE6-B591-4111-89AF-3E4220CEC51F}.Debug|Any CPU.ActiveCfg = Debug|Any CPU
		{024FAFE6-B591-4111-89AF-3E4220CEC51F}.Debug|Any CPU.Build.0 = Debug|Any CPU
		{024FAFE6-B591-4111-89AF-3E4220CEC51F}.Debug|x64.ActiveCfg = Debug|Any CPU
		{024FAFE6-B591-4111-89AF-3E4220CEC51F}.Debug|x64.Build.0 = Debug|Any CPU
		{024FAFE6-B591-4111-89AF-3E4220CEC51F}.Debug|x86.ActiveCfg = Debug|Any CPU
		{024FAFE6-B591-4111-89AF-3E4220CEC51F}.Debug|x86.Build.0 = Debug|Any CPU
		{024FAFE6-B591-4111-89AF-3E4220CEC51F}.Release|Any CPU.ActiveCfg = Release|Any CPU
		{024FAFE6-B591-4111-89AF-3E4220CEC51F}.Release|Any CPU.Build.0 = Release|Any CPU
		{024FAFE6-B591-4111-89AF-3E4220CEC51F}.Release|x64.ActiveCfg = Release|Any CPU
		{024FAFE6-B591-4111-89AF-3E4220CEC51F}.Release|x64.Build.0 = Release|Any CPU
		{024FAFE6-B591-4111-89AF-3E4220CEC51F}.Release|x86.ActiveCfg = Release|Any CPU
		{024FAFE6-B591-4111-89AF-3E4220CEC51F}.Release|x86.Build.0 = Release|Any CPU
		{1092BD15-94A3-4E66-8F76-DBBDD9C68413}.Debug|Any CPU.ActiveCfg = Debug|Any CPU
		{1092BD15-94A3-4E66-8F76-DBBDD9C68413}.Debug|Any CPU.Build.0 = Debug|Any CPU
		{1092BD15-94A3-4E66-8F76-DBBDD9C68413}.Debug|x64.ActiveCfg = Debug|Any CPU
		{1092BD15-94A3-4E66-8F76-DBBDD9C68413}.Debug|x64.Build.0 = Debug|Any CPU
		{1092BD15-94A3-4E66-8F76-DBBDD9C68413}.Debug|x86.ActiveCfg = Debug|Any CPU
		{1092BD15-94A3-4E66-8F76-DBBDD9C68413}.Debug|x86.Build.0 = Debug|Any CPU
		{1092BD15-94A3-4E66-8F76-DBBDD9C68413}.Release|Any CPU.ActiveCfg = Release|Any CPU
		{1092BD15-94A3-4E66-8F76-DBBDD9C68413}.Release|Any CPU.Build.0 = Release|Any CPU
		{1092BD15-94A3-4E66-8F76-DBBDD9C68413}.Release|x64.ActiveCfg = Release|Any CPU
		{1092BD15-94A3-4E66-8F76-DBBDD9C68413}.Release|x64.Build.0 = Release|Any CPU
		{1092BD15-94A3-4E66-8F76-DBBDD9C68413}.Release|x86.ActiveCfg = Release|Any CPU
		{1092BD15-94A3-4E66-8F76-DBBDD9C68413}.Release|x86.Build.0 = Release|Any CPU
		{D64931A4-1EB1-47FF-B8AD-7BE3F4D698EC}.Debug|Any CPU.ActiveCfg = Debug|Any CPU
		{D64931A4-1EB1-47FF-B8AD-7BE3F4D698EC}.Debug|Any CPU.Build.0 = Debug|Any CPU
		{D64931A4-1EB1-47FF-B8AD-7BE3F4D698EC}.Debug|x64.ActiveCfg = Debug|Any CPU
		{D64931A4-1EB1-47FF-B8AD-7BE3F4D698EC}.Debug|x64.Build.0 = Debug|Any CPU
		{D64931A4-1EB1-47FF-B8AD-7BE3F4D698EC}.Debug|x86.ActiveCfg = Debug|Any CPU
		{D64931A4-1EB1-47FF-B8AD-7BE3F4D698EC}.Debug|x86.Build.0 = Debug|Any CPU
		{D64931A4-1EB1-47FF-B8AD-7BE3F4D698EC}.Release|Any CPU.ActiveCfg = Release|Any CPU
		{D64931A4-1EB1-47FF-B8AD-7BE3F4D698EC}.Release|Any CPU.Build.0 = Release|Any CPU
		{D64931A4-1EB1-47FF-B8AD-7BE3F4D698EC}.Release|x64.ActiveCfg = Release|Any CPU
		{D64931A4-1EB1-47FF-B8AD-7BE3F4D698EC}.Release|x64.Build.0 = Release|Any CPU
		{D64931A4-1EB1-47FF-B8AD-7BE3F4D698EC}.Release|x86.ActiveCfg = Release|Any CPU
		{D64931A4-1EB1-47FF-B8AD-7BE3F4D698EC}.Release|x86.Build.0 = Release|Any CPU
		{B1465226-3882-4D3A-9007-24377FAABAC4}.Debug|Any CPU.ActiveCfg = Debug|Any CPU
		{B1465226-3882-4D3A-9007-24377FAABAC4}.Debug|Any CPU.Build.0 = Debug|Any CPU
		{B1465226-3882-4D3A-9007-24377FAABAC4}.Debug|x64.ActiveCfg = Debug|Any CPU
		{B1465226-3882-4D3A-9007-24377FAABAC4}.Debug|x64.Build.0 = Debug|Any CPU
		{B1465226-3882-4D3A-9007-24377FAABAC4}.Debug|x86.ActiveCfg = Debug|Any CPU
		{B1465226-3882-4D3A-9007-24377FAABAC4}.Debug|x86.Build.0 = Debug|Any CPU
		{B1465226-3882-4D3A-9007-24377FAABAC4}.Release|Any CPU.ActiveCfg = Release|Any CPU
		{B1465226-3882-4D3A-9007-24377FAABAC4}.Release|Any CPU.Build.0 = Release|Any CPU
		{B1465226-3882-4D3A-9007-24377FAABAC4}.Release|x64.ActiveCfg = Release|Any CPU
		{B1465226-3882-4D3A-9007-24377FAABAC4}.Release|x64.Build.0 = Release|Any CPU
		{B1465226-3882-4D3A-9007-24377FAABAC4}.Release|x86.ActiveCfg = Release|Any CPU
		{B1465226-3882-4D3A-9007-24377FAABAC4}.Release|x86.Build.0 = Release|Any CPU
	EndGlobalSection
	GlobalSection(SolutionProperties) = preSolution
		HideSolutionNode = FALSE
	EndGlobalSection
	GlobalSection(NestedProjects) = preSolution
		{2F7723C1-297B-416F-9A78-153156D319B9} = {3778527A-F81C-47A1-AB4E-456616AB2B12}
		{C076C217-ECB3-4001-A5BA-C0FF2A2B1029} = {76681392-9D8A-4D2A-861A-45B9E07A22CE}
		{4C408C43-C59F-4BA4-B043-01CE099FDDD3} = {3778527A-F81C-47A1-AB4E-456616AB2B12}
		{B606A233-739B-4807-B832-71D5F6AD1B00} = {3778527A-F81C-47A1-AB4E-456616AB2B12}
		{B0C4B809-2332-4FCC-AD57-65F188A0E195} = {3778527A-F81C-47A1-AB4E-456616AB2B12}
		{BC3C0E60-9524-46A3-9588-C4BFF8E03C74} = {3778527A-F81C-47A1-AB4E-456616AB2B12}
		{9581F6DB-D466-4C07-980E-E3408B6C3D25} = {3778527A-F81C-47A1-AB4E-456616AB2B12}
		{8404AA39-A1C2-44C4-B2EA-75B3DCC5A1BA} = {3778527A-F81C-47A1-AB4E-456616AB2B12}
		{C3B9CCDD-01F1-467B-8C98-7A338F9570C5} = {3778527A-F81C-47A1-AB4E-456616AB2B12}
		{41FD3B66-5E36-43DB-85AA-BD04F41D1097} = {76681392-9D8A-4D2A-861A-45B9E07A22CE}
		{575F4CEC-F722-4D5C-BCB0-A937C9C9A450} = {76681392-9D8A-4D2A-861A-45B9E07A22CE}
	EndGlobalSection
	GlobalSection(ExtensibilityGlobals) = postSolution
		SolutionGuid = {34584677-C555-4540-BBB0-527798A17725}
	EndGlobalSection
EndGlobal
